{
  "nodes": {
    "flake-utils": {
      "locked": {
        "lastModified": 1667395993,
        "narHash": "sha256-nuEHfE/LcWyuSWnS8t12N1wc105Qtau+/OdUAjtQ0rA=",
        "owner": "numtide",
        "repo": "flake-utils",
        "rev": "5aed5285a952e0b949eb3ba02c12fa4fcfef535f",
        "type": "github"
      },
      "original": {
        "owner": "numtide",
        "repo": "flake-utils",
        "type": "github"
      }
    },
    "nixpkgs": {
      "locked": {
        "lastModified": 1671095104,
        "narHash": "sha256-BgI8tDJgORrKX9lF93enEDKP5WxIoVBt9+1zoGIfx7k=",
        "owner": "NixOS",
        "repo": "nixpkgs",
        "rev": "7634c3250b6870e76f2e611cb95b72392add9aef",
        "type": "github"
      },
      "original": {
        "owner": "NixOS",
        "repo": "nixpkgs",
        "type": "github"
      }
    },
    "pjass": {
      "inputs": {
        "flake-utils": [
          "flake-utils"
        ],
        "nixpkgs": [
          "nixpkgs"
        ]
      },
      "locked": {
        "lastModified": 1677181663,
        "narHash": "sha256-KpXG2rALMUn+EzDyDsl5VJSau16Hol19TLNKurcqCWo=",
        "owner": "lep",
        "repo": "pjass",
        "rev": "ac58f84a23afe447621dff7ffd84e36a92295817",
        "type": "github"
      },
      "original": {
        "owner": "lep",
        "repo": "pjass",
        "type": "github"
      }
    },
    "root": {
      "inputs": {
        "flake-utils": "flake-utils",
        "nixpkgs": "nixpkgs",
        "pjass": "pjass"
      }
    }
  },
  "root": "root",
  "version": 7
}
